
Microsoft Visual Studio Solution File, Format Version 12.00
# Visual Studio Version 17
VisualStudioVersion = 17.9.34728.123
MinimumVisualStudioVersion = 10.0.40219.1
Project("{FAE04EC0-301F-11D3-BF4B-00C04F79EFBC}") = "ApnaDhaba API", "ApnaDhaba API\ApnaDhaba API.csproj", "{DB42EB48-8002-4C10-8B46-31565F546B76}"
EndProject
Global
	GlobalSection(SolutionConfigurationPlatforms) = preSolution
		Debug|Any CPU = Debug|Any CPU
		Release|Any CPU = Release|Any CPU
	EndGlobalSection
	GlobalSection(ProjectConfigurationPlatforms) = postSolution
		{DB42EB48-8002-4C10-8B46-31565F546B76}.Debug|Any CPU.ActiveCfg = Debug|Any CPU
		{DB42EB48-8002-4C10-8B46-31565F546B76}.Debug|Any CPU.Build.0 = Debug|Any CPU
		{DB42EB48-8002-4C10-8B46-31565F546B76}.Release|Any CPU.ActiveCfg = Release|Any CPU
		{DB42EB48-8002-4C10-8B46-31565F546B76}.Release|Any CPU.Build.0 = Release|Any CPU
	EndGlobalSection
	GlobalSection(SolutionProperties) = preSolution
		HideSolutionNode = FALSE
	EndGlobalSection
	GlobalSection(ExtensibilityGlobals) = postSolution
		SolutionGuid = {1E5C0C19-0DA7-4886-B8BF-5099E9F61D35}
	EndGlobalSection
EndGlobal
